
Microsoft Visual Studio Solution File, Format Version 12.00
# Visual Studio Version 16
VisualStudioVersion = 16.0.31313.79
MinimumVisualStudioVersion = 10.0.40219.1
Project("{FAE04EC0-301F-11D3-BF4B-00C04F79EFBC}") = "TulisanBerjalan", "TulisanBerjalan\TulisanBerjalan.csproj", "{513A906F-D714-4E36-9BF4-38596778F027}"
EndProject
Global
	GlobalSection(SolutionConfigurationPlatforms) = preSolution
		Debug|Any CPU = Debug|Any CPU
		Release|Any CPU = Release|Any CPU
	EndGlobalSection
	GlobalSection(ProjectConfigurationPlatforms) = postSolution
		{513A906F-D714-4E36-9BF4-38596778F027}.Debug|Any CPU.ActiveCfg = Debug|Any CPU
		{513A906F-D714-4E36-9BF4-38596778F027}.Debug|Any CPU.Build.0 = Debug|Any CPU
		{513A906F-D714-4E36-9BF4-38596778F027}.Release|Any CPU.ActiveCfg = Release|Any CPU
		{513A906F-D714-4E36-9BF4-38596778F027}.Release|Any CPU.Build.0 = Release|Any CPU
	EndGlobalSection
	GlobalSection(SolutionProperties) = preSolution
		HideSolutionNode = FALSE
	EndGlobalSection
	GlobalSection(ExtensibilityGlobals) = postSolution
		SolutionGuid = {2DEC33D2-A79E-4C5A-8603-0D2C5E377873}
	EndGlobalSection
EndGlobal
